
Microsoft Visual Studio Solution File, Format Version 12.00
# Visual Studio Version 16
VisualStudioVersion = 16.0.30413.136
MinimumVisualStudioVersion = 10.0.40219.1
Project("{FAE04EC0-301F-11D3-BF4B-00C04F79EFBC}") = "Tasks", "Tasks\Tasks.csproj", "{0A259BB4-C288-4998-8BC2-B63BD299040C}"
EndProject
Project("{FAE04EC0-301F-11D3-BF4B-00C04F79EFBC}") = "L1_1", "L1_1\L1_1\L1_1.csproj", "{177CC4E3-95AF-4EBD-9CC9-B1598C5D23CE}"
EndProject
Project("{FAE04EC0-301F-11D3-BF4B-00C04F79EFBC}") = "L2_1", "L2_1\L2_1\L2_1.csproj", "{07AEC05D-7323-44A3-9293-EF187F0C5E38}"
EndProject
Project("{FAE04EC0-301F-11D3-BF4B-00C04F79EFBC}") = "L3_1", "L3_1\L3_1\L3_1.csproj", "{16972D87-0D2C-4979-8E11-4EDA6CBB0573}"
EndProject
Project("{FAE04EC0-301F-11D3-BF4B-00C04F79EFBC}") = "L4_1", "L4_1\L4_1\L4_1.csproj", "{C9153AE2-FB96-4EE7-BF84-F038E717C534}"
EndProject
Project("{FAE04EC0-301F-11D3-BF4B-00C04F79EFBC}") = "L5_1", "L5_1\L5_1\L5_1.csproj", "{A69EA4C5-7268-4AC1-8371-D7529A1A89E5}"
EndProject
Project("{FAE04EC0-301F-11D3-BF4B-00C04F79EFBC}") = "L6_1", "L6_1\L6_1\L6_1.csproj", "{B7F70516-CD5E-48C6-A665-1C2BE3DF64C4}"
EndProject
Project("{FAE04EC0-301F-11D3-BF4B-00C04F79EFBC}") = "L7_1", "L7_1\L7_1\L7_1.csproj", "{4E67A095-EA24-4FF3-8F3A-B5559E86AE49}"
EndProject
Project("{FAE04EC0-301F-11D3-BF4B-00C04F79EFBC}") = "L8_1", "L8_1\L8_1\L8_1.csproj", "{A6D5556E-A02D-4FF0-998F-3C3B0ADD67C2}"
EndProject
Project("{FAE04EC0-301F-11D3-BF4B-00C04F79EFBC}") = "L9_1", "L9_1\L9_1\L9_1.csproj", "{7BC7D8FA-B69A-4120-8B85-DE89AE5E0469}"
EndProject
Project("{FAE04EC0-301F-11D3-BF4B-00C04F79EFBC}") = "L10_1", "L10_1\L10_1\L10_1.csproj", "{712B0511-C885-461E-8E38-A91F715995E5}"
EndProject
Project("{FAE04EC0-301F-11D3-BF4B-00C04F79EFBC}") = "L11_1", "L11_1\L11_1\L11_1.csproj", "{B0C47CF8-371A-464D-8661-966D166BC2F6}"
EndProject
Project("{FAE04EC0-301F-11D3-BF4B-00C04F79EFBC}") = "L12_1", "L12_1\L12_1\L12_1.csproj", "{C9C749BE-7B4B-443B-A344-274931612283}"
EndProject
Project("{FAE04EC0-301F-11D3-BF4B-00C04F79EFBC}") = "L13_1", "L13_1\L13_1\L13_1.csproj", "{7E6DCC1C-6CE4-4EB4-BFB9-88AAEE8D92A7}"
EndProject
Project("{FAE04EC0-301F-11D3-BF4B-00C04F79EFBC}") = "L14_1", "L14_1\L14_1\L14_1.csproj", "{37AE77F8-C7E4-4150-BB22-C52D211A0795}"
EndProject
Project("{FAE04EC0-301F-11D3-BF4B-00C04F79EFBC}") = "L15_1", "L15_1\L15_1\L15_1.csproj", "{7EFF54FC-F203-4220-A9FC-ECBE58D5D996}"
EndProject
Project("{FAE04EC0-301F-11D3-BF4B-00C04F79EFBC}") = "L16_1", "L16_1\L16_1\L16_1.csproj", "{2012CEB7-CD40-40E8-AA63-CD00E1A31F57}"
EndProject
Project("{FAE04EC0-301F-11D3-BF4B-00C04F79EFBC}") = "L17_1", "L17_1\L17_1\L17_1.csproj", "{01A63348-808B-4B7B-A7D8-A549A7B166AB}"
EndProject
Global
	GlobalSection(SolutionConfigurationPlatforms) = preSolution
		Debug|Any CPU = Debug|Any CPU
		Release|Any CPU = Release|Any CPU
	EndGlobalSection
	GlobalSection(ProjectConfigurationPlatforms) = postSolution
		{0A259BB4-C288-4998-8BC2-B63BD299040C}.Debug|Any CPU.ActiveCfg = Debug|Any CPU
		{0A259BB4-C288-4998-8BC2-B63BD299040C}.Debug|Any CPU.Build.0 = Debug|Any CPU
		{0A259BB4-C288-4998-8BC2-B63BD299040C}.Release|Any CPU.ActiveCfg = Release|Any CPU
		{0A259BB4-C288-4998-8BC2-B63BD299040C}.Release|Any CPU.Build.0 = Release|Any CPU
		{177CC4E3-95AF-4EBD-9CC9-B1598C5D23CE}.Debug|Any CPU.ActiveCfg = Debug|Any CPU
		{177CC4E3-95AF-4EBD-9CC9-B1598C5D23CE}.Debug|Any CPU.Build.0 = Debug|Any CPU
		{177CC4E3-95AF-4EBD-9CC9-B1598C5D23CE}.Release|Any CPU.ActiveCfg = Release|Any CPU
		{177CC4E3-95AF-4EBD-9CC9-B1598C5D23CE}.Release|Any CPU.Build.0 = Release|Any CPU
		{07AEC05D-7323-44A3-9293-EF187F0C5E38}.Debug|Any CPU.ActiveCfg = Debug|Any CPU
		{07AEC05D-7323-44A3-9293-EF187F0C5E38}.Debug|Any CPU.Build.0 = Debug|Any CPU
		{07AEC05D-7323-44A3-9293-EF187F0C5E38}.Release|Any CPU.ActiveCfg = Release|Any CPU
		{07AEC05D-7323-44A3-9293-EF187F0C5E38}.Release|Any CPU.Build.0 = Release|Any CPU
		{16972D87-0D2C-4979-8E11-4EDA6CBB0573}.Debug|Any CPU.ActiveCfg = Debug|Any CPU
		{16972D87-0D2C-4979-8E11-4EDA6CBB0573}.Debug|Any CPU.Build.0 = Debug|Any CPU
		{16972D87-0D2C-4979-8E11-4EDA6CBB0573}.Release|Any CPU.ActiveCfg = Release|Any CPU
		{16972D87-0D2C-4979-8E11-4EDA6CBB0573}.Release|Any CPU.Build.0 = Release|Any CPU
		{C9153AE2-FB96-4EE7-BF84-F038E717C534}.Debug|Any CPU.ActiveCfg = Debug|Any CPU
		{C9153AE2-FB96-4EE7-BF84-F038E717C534}.Debug|Any CPU.Build.0 = Debug|Any CPU
		{C9153AE2-FB96-4EE7-BF84-F038E717C534}.Release|Any CPU.ActiveCfg = Release|Any CPU
		{C9153AE2-FB96-4EE7-BF84-F038E717C534}.Release|Any CPU.Build.0 = Release|Any CPU
		{A69EA4C5-7268-4AC1-8371-D7529A1A89E5}.Debug|Any CPU.ActiveCfg = Debug|Any CPU
		{A69EA4C5-7268-4AC1-8371-D7529A1A89E5}.Debug|Any CPU.Build.0 = Debug|Any CPU
		{A69EA4C5-7268-4AC1-8371-D7529A1A89E5}.Release|Any CPU.ActiveCfg = Release|Any CPU
		{A69EA4C5-7268-4AC1-8371-D7529A1A89E5}.Release|Any CPU.Build.0 = Release|Any CPU
		{B7F70516-CD5E-48C6-A665-1C2BE3DF64C4}.Debug|Any CPU.ActiveCfg = Debug|Any CPU
		{B7F70516-CD5E-48C6-A665-1C2BE3DF64C4}.Debug|Any CPU.Build.0 = Debug|Any CPU
		{B7F70516-CD5E-48C6-A665-1C2BE3DF64C4}.Release|Any CPU.ActiveCfg = Release|Any CPU
		{B7F70516-CD5E-48C6-A665-1C2BE3DF64C4}.Release|Any CPU.Build.0 = Release|Any CPU
		{4E67A095-EA24-4FF3-8F3A-B5559E86AE49}.Debug|Any CPU.ActiveCfg = Debug|Any CPU
		{4E67A095-EA24-4FF3-8F3A-B5559E86AE49}.Debug|Any CPU.Build.0 = Debug|Any CPU
		{4E67A095-EA24-4FF3-8F3A-B5559E86AE49}.Release|Any CPU.ActiveCfg = Release|Any CPU
		{4E67A095-EA24-4FF3-8F3A-B5559E86AE49}.Release|Any CPU.Build.0 = Release|Any CPU
		{A6D5556E-A02D-4FF0-998F-3C3B0ADD67C2}.Debug|Any CPU.ActiveCfg = Debug|Any CPU
		{A6D5556E-A02D-4FF0-998F-3C3B0ADD67C2}.Debug|Any CPU.Build.0 = Debug|Any CPU
		{A6D5556E-A02D-4FF0-998F-3C3B0ADD67C2}.Release|Any CPU.ActiveCfg = Release|Any CPU
		{A6D5556E-A02D-4FF0-998F-3C3B0ADD67C2}.Release|Any CPU.Build.0 = Release|Any CPU
		{7BC7D8FA-B69A-4120-8B85-DE89AE5E0469}.Debug|Any CPU.ActiveCfg = Debug|Any CPU
		{7BC7D8FA-B69A-4120-8B85-DE89AE5E0469}.Debug|Any CPU.Build.0 = Debug|Any CPU
		{7BC7D8FA-B69A-4120-8B85-DE89AE5E0469}.Release|Any CPU.ActiveCfg = Release|Any CPU
		{7BC7D8FA-B69A-4120-8B85-DE89AE5E0469}.Release|Any CPU.Build.0 = Release|Any CPU
		{712B0511-C885-461E-8E38-A91F715995E5}.Debug|Any CPU.ActiveCfg = Debug|Any CPU
		{712B0511-C885-461E-8E38-A91F715995E5}.Debug|Any CPU.Build.0 = Debug|Any CPU
		{712B0511-C885-461E-8E38-A91F715995E5}.Release|Any CPU.ActiveCfg = Release|Any CPU
		{712B0511-C885-461E-8E38-A91F715995E5}.Release|Any CPU.Build.0 = Release|Any CPU
		{B0C47CF8-371A-464D-8661-966D166BC2F6}.Debug|Any CPU.ActiveCfg = Debug|Any CPU
		{B0C47CF8-371A-464D-8661-966D166BC2F6}.Debug|Any CPU.Build.0 = Debug|Any CPU
		{B0C47CF8-371A-464D-8661-966D166BC2F6}.Release|Any CPU.ActiveCfg = Release|Any CPU
		{B0C47CF8-371A-464D-8661-966D166BC2F6}.Release|Any CPU.Build.0 = Release|Any CPU
		{C9C749BE-7B4B-443B-A344-274931612283}.Debug|Any CPU.ActiveCfg = Debug|Any CPU
		{C9C749BE-7B4B-443B-A344-274931612283}.Debug|Any CPU.Build.0 = Debug|Any CPU
		{C9C749BE-7B4B-443B-A344-274931612283}.Release|Any CPU.ActiveCfg = Release|Any CPU
		{C9C749BE-7B4B-443B-A344-274931612283}.Release|Any CPU.Build.0 = Release|Any CPU
		{7E6DCC1C-6CE4-4EB4-BFB9-88AAEE8D92A7}.Debug|Any CPU.ActiveCfg = Debug|Any CPU
		{7E6DCC1C-6CE4-4EB4-BFB9-88AAEE8D92A7}.Debug|Any CPU.Build.0 = Debug|Any CPU
		{7E6DCC1C-6CE4-4EB4-BFB9-88AAEE8D92A7}.Release|Any CPU.ActiveCfg = Release|Any CPU
		{7E6DCC1C-6CE4-4EB4-BFB9-88AAEE8D92A7}.Release|Any CPU.Build.0 = Release|Any CPU
		{37AE77F8-C7E4-4150-BB22-C52D211A0795}.Debug|Any CPU.ActiveCfg = Debug|Any CPU
		{37AE77F8-C7E4-4150-BB22-C52D211A0795}.Debug|Any CPU.Build.0 = Debug|Any CPU
		{37AE77F8-C7E4-4150-BB22-C52D211A0795}.Release|Any CPU.ActiveCfg = Release|Any CPU
		{37AE77F8-C7E4-4150-BB22-C52D211A0795}.Release|Any CPU.Build.0 = Release|Any CPU
		{7EFF54FC-F203-4220-A9FC-ECBE58D5D996}.Debug|Any CPU.ActiveCfg = Debug|Any CPU
		{7EFF54FC-F203-4220-A9FC-ECBE58D5D996}.Debug|Any CPU.Build.0 = Debug|Any CPU
		{7EFF54FC-F203-4220-A9FC-ECBE58D5D996}.Release|Any CPU.ActiveCfg = Release|Any CPU
		{7EFF54FC-F203-4220-A9FC-ECBE58D5D996}.Release|Any CPU.Build.0 = Release|Any CPU
		{2012CEB7-CD40-40E8-AA63-CD00E1A31F57}.Debug|Any CPU.ActiveCfg = Debug|Any CPU
		{2012CEB7-CD40-40E8-AA63-CD00E1A31F57}.Debug|Any CPU.Build.0 = Debug|Any CPU
		{2012CEB7-CD40-40E8-AA63-CD00E1A31F57}.Release|Any CPU.ActiveCfg = Release|Any CPU
		{2012CEB7-CD40-40E8-AA63-CD00E1A31F57}.Release|Any CPU.Build.0 = Release|Any CPU
		{01A63348-808B-4B7B-A7D8-A549A7B166AB}.Debug|Any CPU.ActiveCfg = Debug|Any CPU
		{01A63348-808B-4B7B-A7D8-A549A7B166AB}.Debug|Any CPU.Build.0 = Debug|Any CPU
		{01A63348-808B-4B7B-A7D8-A549A7B166AB}.Release|Any CPU.ActiveCfg = Release|Any CPU
		{01A63348-808B-4B7B-A7D8-A549A7B166AB}.Release|Any CPU.Build.0 = Release|Any CPU
	EndGlobalSection
	GlobalSection(SolutionProperties) = preSolution
		HideSolutionNode = FALSE
	EndGlobalSection
	GlobalSection(ExtensibilityGlobals) = postSolution
		SolutionGuid = {64459CBE-FC1A-4A80-8771-9D6B18F3C2EC}
	EndGlobalSection
EndGlobal
