
Microsoft Visual Studio Solution File, Format Version 12.00
# Visual Studio Version 16
VisualStudioVersion = 16.0.30413.136
MinimumVisualStudioVersion = 10.0.40219.1
Project("{FAE04EC0-301F-11D3-BF4B-00C04F79EFBC}") = "L3_1", "L3_1\L3_1.csproj", "{16972D87-0D2C-4979-8E11-4EDA6CBB0573}"
EndProject
Global
	GlobalSection(SolutionConfigurationPlatforms) = preSolution
		Debug|Any CPU = Debug|Any CPU
		Release|Any CPU = Release|Any CPU
	EndGlobalSection
	GlobalSection(ProjectConfigurationPlatforms) = postSolution
		{16972D87-0D2C-4979-8E11-4EDA6CBB0573}.Debug|Any CPU.ActiveCfg = Debug|Any CPU
		{16972D87-0D2C-4979-8E11-4EDA6CBB0573}.Debug|Any CPU.Build.0 = Debug|Any CPU
		{16972D87-0D2C-4979-8E11-4EDA6CBB0573}.Release|Any CPU.ActiveCfg = Release|Any CPU
		{16972D87-0D2C-4979-8E11-4EDA6CBB0573}.Release|Any CPU.Build.0 = Release|Any CPU
	EndGlobalSection
	GlobalSection(SolutionProperties) = preSolution
		HideSolutionNode = FALSE
	EndGlobalSection
	GlobalSection(ExtensibilityGlobals) = postSolution
		SolutionGuid = {CDAC58EB-F180-44F7-980C-37EB500946F0}
	EndGlobalSection
EndGlobal
