
Microsoft Visual Studio Solution File, Format Version 12.00
# Visual Studio Version 16
VisualStudioVersion = 16.0.30413.136
MinimumVisualStudioVersion = 10.0.40219.1
Project("{FAE04EC0-301F-11D3-BF4B-00C04F79EFBC}") = "L5_1", "L5_1\L5_1.csproj", "{A69EA4C5-7268-4AC1-8371-D7529A1A89E5}"
EndProject
Global
	GlobalSection(SolutionConfigurationPlatforms) = preSolution
		Debug|Any CPU = Debug|Any CPU
		Release|Any CPU = Release|Any CPU
	EndGlobalSection
	GlobalSection(ProjectConfigurationPlatforms) = postSolution
		{A69EA4C5-7268-4AC1-8371-D7529A1A89E5}.Debug|Any CPU.ActiveCfg = Debug|Any CPU
		{A69EA4C5-7268-4AC1-8371-D7529A1A89E5}.Debug|Any CPU.Build.0 = Debug|Any CPU
		{A69EA4C5-7268-4AC1-8371-D7529A1A89E5}.Release|Any CPU.ActiveCfg = Release|Any CPU
		{A69EA4C5-7268-4AC1-8371-D7529A1A89E5}.Release|Any CPU.Build.0 = Release|Any CPU
	EndGlobalSection
	GlobalSection(SolutionProperties) = preSolution
		HideSolutionNode = FALSE
	EndGlobalSection
	GlobalSection(ExtensibilityGlobals) = postSolution
		SolutionGuid = {0BF6AF74-2195-4A08-8059-C7BDF0203395}
	EndGlobalSection
EndGlobal
