
Microsoft Visual Studio Solution File, Format Version 12.00
# Visual Studio Version 16
VisualStudioVersion = 16.0.30413.136
MinimumVisualStudioVersion = 10.0.40219.1
Project("{FAE04EC0-301F-11D3-BF4B-00C04F79EFBC}") = "L12_1", "L12_1\L12_1.csproj", "{C9C749BE-7B4B-443B-A344-274931612283}"
EndProject
Global
	GlobalSection(SolutionConfigurationPlatforms) = preSolution
		Debug|Any CPU = Debug|Any CPU
		Release|Any CPU = Release|Any CPU
	EndGlobalSection
	GlobalSection(ProjectConfigurationPlatforms) = postSolution
		{C9C749BE-7B4B-443B-A344-274931612283}.Debug|Any CPU.ActiveCfg = Debug|Any CPU
		{C9C749BE-7B4B-443B-A344-274931612283}.Debug|Any CPU.Build.0 = Debug|Any CPU
		{C9C749BE-7B4B-443B-A344-274931612283}.Release|Any CPU.ActiveCfg = Release|Any CPU
		{C9C749BE-7B4B-443B-A344-274931612283}.Release|Any CPU.Build.0 = Release|Any CPU
	EndGlobalSection
	GlobalSection(SolutionProperties) = preSolution
		HideSolutionNode = FALSE
	EndGlobalSection
	GlobalSection(ExtensibilityGlobals) = postSolution
		SolutionGuid = {62C1C220-BDBF-41E5-8CDC-99AE7AF21F68}
	EndGlobalSection
EndGlobal
